
Microsoft Visual Studio Solution File, Format Version 12.00
# Visual Studio Version 16
VisualStudioVersion = 16.0.31321.278
MinimumVisualStudioVersion = 10.0.40219.1
Project("{FAE04EC0-301F-11D3-BF4B-00C04F79EFBC}") = "Making Sense Project", "Making Sense Project\Making Sense Project.csproj", "{2DFE785A-6D76-4BE5-8162-F35582FA1F6F}"
EndProject
Project("{FAE04EC0-301F-11D3-BF4B-00C04F79EFBC}") = "Making Sense Project API", "Making Sense Project API\Making Sense Project API.csproj", "{92E90F65-FD40-42EF-8AA9-E5FCF044DE46}"
EndProject
Global
	GlobalSection(SolutionConfigurationPlatforms) = preSolution
		Debug|Any CPU = Debug|Any CPU
		Release|Any CPU = Release|Any CPU
	EndGlobalSection
	GlobalSection(ProjectConfigurationPlatforms) = postSolution
		{2DFE785A-6D76-4BE5-8162-F35582FA1F6F}.Debug|Any CPU.ActiveCfg = Debug|Any CPU
		{2DFE785A-6D76-4BE5-8162-F35582FA1F6F}.Debug|Any CPU.Build.0 = Debug|Any CPU
		{2DFE785A-6D76-4BE5-8162-F35582FA1F6F}.Release|Any CPU.ActiveCfg = Release|Any CPU
		{2DFE785A-6D76-4BE5-8162-F35582FA1F6F}.Release|Any CPU.Build.0 = Release|Any CPU
		{92E90F65-FD40-42EF-8AA9-E5FCF044DE46}.Debug|Any CPU.ActiveCfg = Debug|Any CPU
		{92E90F65-FD40-42EF-8AA9-E5FCF044DE46}.Debug|Any CPU.Build.0 = Debug|Any CPU
		{92E90F65-FD40-42EF-8AA9-E5FCF044DE46}.Release|Any CPU.ActiveCfg = Release|Any CPU
		{92E90F65-FD40-42EF-8AA9-E5FCF044DE46}.Release|Any CPU.Build.0 = Release|Any CPU
	EndGlobalSection
	GlobalSection(SolutionProperties) = preSolution
		HideSolutionNode = FALSE
	EndGlobalSection
	GlobalSection(ExtensibilityGlobals) = postSolution
		SolutionGuid = {B3973548-FFF6-49D9-A86E-A6ED96729504}
	EndGlobalSection
EndGlobal
